
Microsoft Visual Studio Solution File, Format Version 12.00
# Visual Studio 2012
Project("{FAE04EC0-301F-11D3-BF4B-00C04F79EFBC}") = "MSD.DotNet.Lucene", "MSD.DotNet.LuceneTests\MSD.DotNet.Lucene.csproj", "{CABC51DC-070E-43EA-B422-CE22C821EDA5}"
EndProject
Project("{2150E333-8FDC-42A3-9474-1A3956D46DE8}") = ".nuget", ".nuget", "{90CAA92E-12AD-4D49-837F-00A3B4F043E8}"
	ProjectSection(SolutionItems) = preProject
		.nuget\NuGet.Config = .nuget\NuGet.Config
		.nuget\NuGet.exe = .nuget\NuGet.exe
		.nuget\NuGet.targets = .nuget\NuGet.targets
	EndProjectSection
EndProject
Project("{FAE04EC0-301F-11D3-BF4B-00C04F79EFBC}") = "MSD.DotNet.Lucene.UnitTests", "MSD.DotNet.Lucene.UnitTests\MSD.DotNet.Lucene.UnitTests.csproj", "{D94CC4BA-165B-431D-9269-6CB6DBF17072}"
EndProject
Global
	GlobalSection(SolutionConfigurationPlatforms) = preSolution
		Debug|Any CPU = Debug|Any CPU
		Release|Any CPU = Release|Any CPU
	EndGlobalSection
	GlobalSection(ProjectConfigurationPlatforms) = postSolution
		{CABC51DC-070E-43EA-B422-CE22C821EDA5}.Debug|Any CPU.ActiveCfg = Debug|Any CPU
		{CABC51DC-070E-43EA-B422-CE22C821EDA5}.Debug|Any CPU.Build.0 = Debug|Any CPU
		{CABC51DC-070E-43EA-B422-CE22C821EDA5}.Release|Any CPU.ActiveCfg = Release|Any CPU
		{CABC51DC-070E-43EA-B422-CE22C821EDA5}.Release|Any CPU.Build.0 = Release|Any CPU
		{D94CC4BA-165B-431D-9269-6CB6DBF17072}.Debug|Any CPU.ActiveCfg = Debug|Any CPU
		{D94CC4BA-165B-431D-9269-6CB6DBF17072}.Debug|Any CPU.Build.0 = Debug|Any CPU
		{D94CC4BA-165B-431D-9269-6CB6DBF17072}.Release|Any CPU.ActiveCfg = Release|Any CPU
		{D94CC4BA-165B-431D-9269-6CB6DBF17072}.Release|Any CPU.Build.0 = Release|Any CPU
	EndGlobalSection
	GlobalSection(SolutionProperties) = preSolution
		HideSolutionNode = FALSE
	EndGlobalSection
EndGlobal
